
Microsoft Visual Studio Solution File, Format Version 12.00
# Visual Studio Version 17
VisualStudioVersion = 17.7.34202.233
MinimumVisualStudioVersion = 10.0.40219.1
Project("{FAE04EC0-301F-11D3-BF4B-00C04F79EFBC}") = "ControleFinanceiro", "ControleFinanceiro\ControleFinanceiro.csproj", "{A7490D2F-B707-4737-B77A-C2912201A58D}"
EndProject
Global
	GlobalSection(SolutionConfigurationPlatforms) = preSolution
		Debug|Any CPU = Debug|Any CPU
		Release|Any CPU = Release|Any CPU
	EndGlobalSection
	GlobalSection(ProjectConfigurationPlatforms) = postSolution
		{A7490D2F-B707-4737-B77A-C2912201A58D}.Debug|Any CPU.ActiveCfg = Debug|Any CPU
		{A7490D2F-B707-4737-B77A-C2912201A58D}.Debug|Any CPU.Build.0 = Debug|Any CPU
		{A7490D2F-B707-4737-B77A-C2912201A58D}.Release|Any CPU.ActiveCfg = Release|Any CPU
		{A7490D2F-B707-4737-B77A-C2912201A58D}.Release|Any CPU.Build.0 = Release|Any CPU
	EndGlobalSection
	GlobalSection(SolutionProperties) = preSolution
		HideSolutionNode = FALSE
	EndGlobalSection
	GlobalSection(ExtensibilityGlobals) = postSolution
		SolutionGuid = {3F73F337-1304-4584-9259-BD91FAF9854F}
	EndGlobalSection
EndGlobal
