
Microsoft Visual Studio Solution File, Format Version 12.00
# Visual Studio Version 16
VisualStudioVersion = 16.0.33927.289
MinimumVisualStudioVersion = 10.0.40219.1
Project("{FAE04EC0-301F-11D3-BF4B-00C04F79EFBC}") = "WebSystemMvc", "WebSystemMvc\WebSystemMvc.csproj", "{BB68FA11-6953-4458-B170-D20614435415}"
EndProject
Global
	GlobalSection(SolutionConfigurationPlatforms) = preSolution
		Debug|Any CPU = Debug|Any CPU
		Release|Any CPU = Release|Any CPU
	EndGlobalSection
	GlobalSection(ProjectConfigurationPlatforms) = postSolution
		{BB68FA11-6953-4458-B170-D20614435415}.Debug|Any CPU.ActiveCfg = Debug|Any CPU
		{BB68FA11-6953-4458-B170-D20614435415}.Debug|Any CPU.Build.0 = Debug|Any CPU
		{BB68FA11-6953-4458-B170-D20614435415}.Release|Any CPU.ActiveCfg = Release|Any CPU
		{BB68FA11-6953-4458-B170-D20614435415}.Release|Any CPU.Build.0 = Release|Any CPU
	EndGlobalSection
	GlobalSection(SolutionProperties) = preSolution
		HideSolutionNode = FALSE
	EndGlobalSection
	GlobalSection(ExtensibilityGlobals) = postSolution
		SolutionGuid = {5B73DDA8-F5A3-4B5C-B10D-DAF9B18D3F69}
	EndGlobalSection
EndGlobal
