
Microsoft Visual Studio Solution File, Format Version 12.00
# Visual Studio Version 17
VisualStudioVersion = 17.7.34018.315
MinimumVisualStudioVersion = 10.0.40219.1
Project("{FAE04EC0-301F-11D3-BF4B-00C04F79EFBC}") = "ProjetoMetodosAbstratos", "ProjetoMetodosAbstratos\ProjetoMetodosAbstratos.csproj", "{63D9C4F9-2F2D-49D9-A10C-7AF1A55AB302}"
EndProject
Global
	GlobalSection(SolutionConfigurationPlatforms) = preSolution
		Debug|Any CPU = Debug|Any CPU
		Release|Any CPU = Release|Any CPU
	EndGlobalSection
	GlobalSection(ProjectConfigurationPlatforms) = postSolution
		{63D9C4F9-2F2D-49D9-A10C-7AF1A55AB302}.Debug|Any CPU.ActiveCfg = Debug|Any CPU
		{63D9C4F9-2F2D-49D9-A10C-7AF1A55AB302}.Debug|Any CPU.Build.0 = Debug|Any CPU
		{63D9C4F9-2F2D-49D9-A10C-7AF1A55AB302}.Release|Any CPU.ActiveCfg = Release|Any CPU
		{63D9C4F9-2F2D-49D9-A10C-7AF1A55AB302}.Release|Any CPU.Build.0 = Release|Any CPU
	EndGlobalSection
	GlobalSection(SolutionProperties) = preSolution
		HideSolutionNode = FALSE
	EndGlobalSection
	GlobalSection(ExtensibilityGlobals) = postSolution
		SolutionGuid = {204B10C3-E726-4F5E-98DE-A76B99B08CF6}
	EndGlobalSection
EndGlobal
